// !$*UTF8*$!
{
	archiveVersion = 1;
	classes = {
	};
	objectVersion = 52;
	objects = {

/* Begin PBXBuildFile section */
		1839F4B025190F2A00BB00F1 /* AppMain.swift in Sources */ = {isa = PBXBuildFile; fileRef = 1839F4AF25190F2A00BB00F1 /* AppMain.swift */; };
		18D775C522AD944300AE281E /* VideoFeedView.swift in Sources */ = {isa = PBXBuildFile; fileRef = 18D775C422AD944300AE281E /* VideoFeedView.swift */; };
		18D775C722AD944400AE281E /* Assets.xcassets in Resources */ = {isa = PBXBuildFile; fileRef = 18D775C622AD944400AE281E /* Assets.xcassets */; };
		18D775CA22AD944400AE281E /* Preview Assets.xcassets in Resources */ = {isa = PBXBuildFile; fileRef = 18D775C922AD944400AE281E /* Preview Assets.xcassets */; };
		18D775D822AD963800AE281E /* LaunchScreen.storyboard in Resources */ = {isa = PBXBuildFile; fileRef = 18D775DA22AD963800AE281E /* LaunchScreen.storyboard */; };
		302DE07E263DCDB600200D25 /* LoopingPlayerView.swift in Sources */ = {isa = PBXBuildFile; fileRef = 302DE07D263DCDB600200D25 /* LoopingPlayerView.swift */; };
		3052FF77262DC11E00F01491 /* ErrorView.swift in Sources */ = {isa = PBXBuildFile; fileRef = 3052FF76262DC11E00F01491 /* ErrorView.swift */; };
		3052FF82262DCFB700F01491 /* Utils.swift in Sources */ = {isa = PBXBuildFile; fileRef = 3052FF81262DCFB700F01491 /* Utils.swift */; };
		3052FF86262DD04E00F01491 /* LocalVideoClips.json in Resources */ = {isa = PBXBuildFile; fileRef = 3052FF85262DD04E00F01491 /* LocalVideoClips.json */; };
		3052FF89262DD07400F01491 /* VideoClip.swift in Sources */ = {isa = PBXBuildFile; fileRef = 3052FF88262DD07400F01491 /* VideoClip.swift */; };
		30980A18262CF35E002B6DB1 /* RemoteVideos.json in Resources */ = {isa = PBXBuildFile; fileRef = 30980A16262CF35E002B6DB1 /* RemoteVideos.json */; };
		30980A19262CF35E002B6DB1 /* LocalVideos.json in Resources */ = {isa = PBXBuildFile; fileRef = 30980A17262CF35E002B6DB1 /* LocalVideos.json */; };
		30980A1C262CF372002B6DB1 /* Video.swift in Sources */ = {isa = PBXBuildFile; fileRef = 30980A1B262CF372002B6DB1 /* Video.swift */; };
		30980A30262CFCA2002B6DB1 /* newYorkFlip-clip.mp4 in Resources */ = {isa = PBXBuildFile; fileRef = 30980A21262CFCA2002B6DB1 /* newYorkFlip-clip.mp4 */; };
		30980A31262CFCA2002B6DB1 /* bulletTrain-clip.mp4 in Resources */ = {isa = PBXBuildFile; fileRef = 30980A22262CFCA2002B6DB1 /* bulletTrain-clip.mp4 */; };
		30980A32262CFCA2002B6DB1 /* monkey-clip.mp4 in Resources */ = {isa = PBXBuildFile; fileRef = 30980A23262CFCA2002B6DB1 /* monkey-clip.mp4 */; };
		30980A33262CFCA2002B6DB1 /* shark-clip.mp4 in Resources */ = {isa = PBXBuildFile; fileRef = 30980A24262CFCA2002B6DB1 /* shark-clip.mp4 */; };
		30980A34262CFCA2002B6DB1 /* monkey.mp4 in Resources */ = {isa = PBXBuildFile; fileRef = 30980A26262CFCA2002B6DB1 /* monkey.mp4 */; };
		30980A35262CFCA2002B6DB1 /* newYorkFlip.mp4 in Resources */ = {isa = PBXBuildFile; fileRef = 30980A27262CFCA2002B6DB1 /* newYorkFlip.mp4 */; };
		30980A36262CFCA2002B6DB1 /* bulletTrain.mp4 in Resources */ = {isa = PBXBuildFile; fileRef = 30980A28262CFCA2002B6DB1 /* bulletTrain.mp4 */; };
		30980A37262CFCA2002B6DB1 /* shark.mp4 in Resources */ = {isa = PBXBuildFile; fileRef = 30980A29262CFCA2002B6DB1 /* shark.mp4 */; };
		30980A40262D0939002B6DB1 /* VideoRow.swift in Sources */ = {isa = PBXBuildFile; fileRef = 30980A3F262D0939002B6DB1 /* VideoRow.swift */; };
		5EF3401826C1342A00BEC444 /* VideoPlayerView.swift in Sources */ = {isa = PBXBuildFile; fileRef = 5EF3401726C1342A00BEC444 /* VideoPlayerView.swift */; };
/* End PBXBuildFile section */

/* Begin PBXFileReference section */
		1839F4AF25190F2A00BB00F1 /* AppMain.swift */ = {isa = PBXFileReference; lastKnownFileType = sourcecode.swift; path = AppMain.swift; sourceTree = "<group>"; };
		18D775BD22AD944300AE281E /* TravelVlogs.app */ = {isa = PBXFileReference; explicitFileType = wrapper.application; includeInIndex = 0; path = TravelVlogs.app; sourceTree = BUILT_PRODUCTS_DIR; };
		18D775C422AD944300AE281E /* VideoFeedView.swift */ = {isa = PBXFileReference; lastKnownFileType = sourcecode.swift; path = VideoFeedView.swift; sourceTree = "<group>"; };
		18D775C622AD944400AE281E /* Assets.xcassets */ = {isa = PBXFileReference; lastKnownFileType = folder.assetcatalog; path = Assets.xcassets; sourceTree = "<group>"; };
		18D775C922AD944400AE281E /* Preview Assets.xcassets */ = {isa = PBXFileReference; lastKnownFileType = folder.assetcatalog; path = "Preview Assets.xcassets"; sourceTree = "<group>"; };
		18D775CE22AD944400AE281E /* Info.plist */ = {isa = PBXFileReference; lastKnownFileType = text.plist.xml; path = Info.plist; sourceTree = "<group>"; };
		18D775DE22AD96B400AE281E /* Base */ = {isa = PBXFileReference; lastKnownFileType = file.storyboard; name = Base; path = Base.lproj/LaunchScreen.storyboard; sourceTree = "<group>"; };
		302DE07D263DCDB600200D25 /* LoopingPlayerView.swift */ = {isa = PBXFileReference; lastKnownFileType = sourcecode.swift; path = LoopingPlayerView.swift; sourceTree = "<group>"; };
		3052FF76262DC11E00F01491 /* ErrorView.swift */ = {isa = PBXFileReference; lastKnownFileType = sourcecode.swift; path = ErrorView.swift; sourceTree = "<group>"; };
		3052FF81262DCFB700F01491 /* Utils.swift */ = {isa = PBXFileReference; lastKnownFileType = sourcecode.swift; path = Utils.swift; sourceTree = "<group>"; };
		3052FF85262DD04E00F01491 /* LocalVideoClips.json */ = {isa = PBXFileReference; fileEncoding = 4; lastKnownFileType = text.json; path = LocalVideoClips.json; sourceTree = "<group>"; };
		3052FF88262DD07400F01491 /* VideoClip.swift */ = {isa = PBXFileReference; lastKnownFileType = sourcecode.swift; path = VideoClip.swift; sourceTree = "<group>"; };
		30980A16262CF35E002B6DB1 /* RemoteVideos.json */ = {isa = PBXFileReference; fileEncoding = 4; lastKnownFileType = text.json; path = RemoteVideos.json; sourceTree = "<group>"; };
		30980A17262CF35E002B6DB1 /* LocalVideos.json */ = {isa = PBXFileReference; fileEncoding = 4; lastKnownFileType = text.json; path = LocalVideos.json; sourceTree = "<group>"; };
		30980A1B262CF372002B6DB1 /* Video.swift */ = {isa = PBXFileReference; lastKnownFileType = sourcecode.swift; path = Video.swift; sourceTree = "<group>"; };
		30980A21262CFCA2002B6DB1 /* newYorkFlip-clip.mp4 */ = {isa = PBXFileReference; lastKnownFileType = file; path = "newYorkFlip-clip.mp4"; sourceTree = "<group>"; };
		30980A22262CFCA2002B6DB1 /* bulletTrain-clip.mp4 */ = {isa = PBXFileReference; lastKnownFileType = file; path = "bulletTrain-clip.mp4"; sourceTree = "<group>"; };
		30980A23262CFCA2002B6DB1 /* monkey-clip.mp4 */ = {isa = PBXFileReference; lastKnownFileType = file; path = "monkey-clip.mp4"; sourceTree = "<group>"; };
		30980A24262CFCA2002B6DB1 /* shark-clip.mp4 */ = {isa = PBXFileReference; lastKnownFileType = file; path = "shark-clip.mp4"; sourceTree = "<group>"; };
		30980A26262CFCA2002B6DB1 /* monkey.mp4 */ = {isa = PBXFileReference; lastKnownFileType = file; path = monkey.mp4; sourceTree = "<group>"; };
		30980A27262CFCA2002B6DB1 /* newYorkFlip.mp4 */ = {isa = PBXFileReference; lastKnownFileType = file; path = newYorkFlip.mp4; sourceTree = "<group>"; };
		30980A28262CFCA2002B6DB1 /* bulletTrain.mp4 */ = {isa = PBXFileReference; lastKnownFileType = file; path = bulletTrain.mp4; sourceTree = "<group>"; };
		30980A29262CFCA2002B6DB1 /* shark.mp4 */ = {isa = PBXFileReference; lastKnownFileType = file; path = shark.mp4; sourceTree = "<group>"; };
		30980A3F262D0939002B6DB1 /* VideoRow.swift */ = {isa = PBXFileReference; lastKnownFileType = sourcecode.swift; path = VideoRow.swift; sourceTree = "<group>"; };
		5EF3401726C1342A00BEC444 /* VideoPlayerView.swift */ = {isa = PBXFileReference; lastKnownFileType = sourcecode.swift; path = VideoPlayerView.swift; sourceTree = "<group>"; };
/* End PBXFileReference section */

/* Begin PBXFrameworksBuildPhase section */
		18D775BA22AD944300AE281E /* Frameworks */ = {
			isa = PBXFrameworksBuildPhase;
			buildActionMask = 2147483647;
			files = (
			);
			runOnlyForDeploymentPostprocessing = 0;
		};
/* End PBXFrameworksBuildPhase section */

/* Begin PBXGroup section */
		18D775B422AD944300AE281E = {
			isa = PBXGroup;
			children = (
				18D775BF22AD944300AE281E /* TravelVlogs */,
				18D775BE22AD944300AE281E /* Products */,
			);
			indentWidth = 2;
			sourceTree = "<group>";
			tabWidth = 2;
		};
		18D775BE22AD944300AE281E /* Products */ = {
			isa = PBXGroup;
			children = (
				18D775BD22AD944300AE281E /* TravelVlogs.app */,
			);
			name = Products;
			sourceTree = "<group>";
		};
		18D775BF22AD944300AE281E /* TravelVlogs */ = {
			isa = PBXGroup;
			children = (
				1839F4AF25190F2A00BB00F1 /* AppMain.swift */,
				30980A14262CF195002B6DB1 /* Models */,
				18D775C822AD944400AE281E /* Preview Content */,
				3052FF92262DEF1B00F01491 /* Supporting Files */,
				3052FF95262DEF7B00F01491 /* Views */,
			);
			path = TravelVlogs;
			sourceTree = "<group>";
		};
		18D775C822AD944400AE281E /* Preview Content */ = {
			isa = PBXGroup;
			children = (
				18D775C922AD944400AE281E /* Preview Assets.xcassets */,
			);
			path = "Preview Content";
			sourceTree = "<group>";
		};
		302DE07C263DCDA400200D25 /* VideoPlayers */ = {
			isa = PBXGroup;
			children = (
				302DE07D263DCDB600200D25 /* LoopingPlayerView.swift */,
				5EF3401726C1342A00BEC444 /* VideoPlayerView.swift */,
			);
			path = VideoPlayers;
			sourceTree = "<group>";
		};
		3052FF92262DEF1B00F01491 /* Supporting Files */ = {
			isa = PBXGroup;
			children = (
				30980A15262CF350002B6DB1 /* Resources */,
				18D775C622AD944400AE281E /* Assets.xcassets */,
				18D775DA22AD963800AE281E /* LaunchScreen.storyboard */,
				18D775CE22AD944400AE281E /* Info.plist */,
				3052FF81262DCFB700F01491 /* Utils.swift */,
			);
			path = "Supporting Files";
			sourceTree = "<group>";
		};
		3052FF95262DEF7B00F01491 /* Views */ = {
			isa = PBXGroup;
			children = (
				302DE07C263DCDA400200D25 /* VideoPlayers */,
				18D775C422AD944300AE281E /* VideoFeedView.swift */,
				30980A3F262D0939002B6DB1 /* VideoRow.swift */,
				3052FF76262DC11E00F01491 /* ErrorView.swift */,
			);
			path = Views;
			sourceTree = "<group>";
		};
		30980A14262CF195002B6DB1 /* Models */ = {
			isa = PBXGroup;
			children = (
				30980A1B262CF372002B6DB1 /* Video.swift */,
				3052FF88262DD07400F01491 /* VideoClip.swift */,
			);
			path = Models;
			sourceTree = "<group>";
		};
		30980A15262CF350002B6DB1 /* Resources */ = {
			isa = PBXGroup;
			children = (
				30980A1F262CFCA2002B6DB1 /* Local Videos */,
				30980A17262CF35E002B6DB1 /* LocalVideos.json */,
				3052FF85262DD04E00F01491 /* LocalVideoClips.json */,
				30980A16262CF35E002B6DB1 /* RemoteVideos.json */,
			);
			path = Resources;
			sourceTree = "<group>";
		};
		30980A1F262CFCA2002B6DB1 /* Local Videos */ = {
			isa = PBXGroup;
			children = (
				30980A20262CFCA2002B6DB1 /* TravelVidsClips */,
				30980A25262CFCA2002B6DB1 /* TravelVids */,
			);
			path = "Local Videos";
			sourceTree = "<group>";
		};
		30980A20262CFCA2002B6DB1 /* TravelVidsClips */ = {
			isa = PBXGroup;
			children = (
				30980A21262CFCA2002B6DB1 /* newYorkFlip-clip.mp4 */,
				30980A22262CFCA2002B6DB1 /* bulletTrain-clip.mp4 */,
				30980A23262CFCA2002B6DB1 /* monkey-clip.mp4 */,
				30980A24262CFCA2002B6DB1 /* shark-clip.mp4 */,
			);
			path = TravelVidsClips;
			sourceTree = "<group>";
		};
		30980A25262CFCA2002B6DB1 /* TravelVids */ = {
			isa = PBXGroup;
			children = (
				30980A26262CFCA2002B6DB1 /* monkey.mp4 */,
				30980A27262CFCA2002B6DB1 /* newYorkFlip.mp4 */,
				30980A28262CFCA2002B6DB1 /* bulletTrain.mp4 */,
				30980A29262CFCA2002B6DB1 /* shark.mp4 */,
			);
			path = TravelVids;
			sourceTree = "<group>";
		};
/* End PBXGroup section */

/* Begin PBXNativeTarget section */
		18D775BC22AD944300AE281E /* TravelVlogs */ = {
			isa = PBXNativeTarget;
			buildConfigurationList = 18D775D122AD944400AE281E /* Build configuration list for PBXNativeTarget "TravelVlogs" */;
			buildPhases = (
				181FE31D248EA6C900A180EA /* SwiftLint */,
				18D775B922AD944300AE281E /* Sources */,
				18D775BA22AD944300AE281E /* Frameworks */,
				18D775BB22AD944300AE281E /* Resources */,
			);
			buildRules = (
			);
			dependencies = (
			);
			name = TravelVlogs;
			productName = MyRWTutorial;
			productReference = 18D775BD22AD944300AE281E /* TravelVlogs.app */;
			productType = "com.apple.product-type.application";
		};
/* End PBXNativeTarget section */

/* Begin PBXProject section */
		18D775B522AD944300AE281E /* Project object */ = {
			isa = PBXProject;
			attributes = {
				LastSwiftUpdateCheck = 1100;
				LastUpgradeCheck = 1200;
				ORGANIZATIONNAME = "Ray Wenderlich";
				TargetAttributes = {
					18D775BC22AD944300AE281E = {
						CreatedOnToolsVersion = 11.0;
					};
				};
			};
			buildConfigurationList = 18D775B822AD944300AE281E /* Build configuration list for PBXProject "TravelVlogs" */;
			compatibilityVersion = "Xcode 11.0";
			developmentRegion = en;
			hasScannedForEncodings = 0;
			knownRegions = (
				en,
				Base,
			);
			mainGroup = 18D775B422AD944300AE281E;
			productRefGroup = 18D775BE22AD944300AE281E /* Products */;
			projectDirPath = "";
			projectRoot = "";
			targets = (
				18D775BC22AD944300AE281E /* TravelVlogs */,
			);
		};
/* End PBXProject section */

/* Begin PBXResourcesBuildPhase section */
		18D775BB22AD944300AE281E /* Resources */ = {
			isa = PBXResourcesBuildPhase;
			buildActionMask = 2147483647;
			files = (
				30980A31262CFCA2002B6DB1 /* bulletTrain-clip.mp4 in Resources */,
				18D775D822AD963800AE281E /* LaunchScreen.storyboard in Resources */,
				30980A34262CFCA2002B6DB1 /* monkey.mp4 in Resources */,
				30980A19262CF35E002B6DB1 /* LocalVideos.json in Resources */,
				30980A36262CFCA2002B6DB1 /* bulletTrain.mp4 in Resources */,
				30980A30262CFCA2002B6DB1 /* newYorkFlip-clip.mp4 in Resources */,
				30980A37262CFCA2002B6DB1 /* shark.mp4 in Resources */,
				3052FF86262DD04E00F01491 /* LocalVideoClips.json in Resources */,
				18D775CA22AD944400AE281E /* Preview Assets.xcassets in Resources */,
				18D775C722AD944400AE281E /* Assets.xcassets in Resources */,
				30980A33262CFCA2002B6DB1 /* shark-clip.mp4 in Resources */,
				30980A32262CFCA2002B6DB1 /* monkey-clip.mp4 in Resources */,
				30980A35262CFCA2002B6DB1 /* newYorkFlip.mp4 in Resources */,
				30980A18262CF35E002B6DB1 /* RemoteVideos.json in Resources */,
			);
			runOnlyForDeploymentPostprocessing = 0;
		};
/* End PBXResourcesBuildPhase section */

/* Begin PBXShellScriptBuildPhase section */
		181FE31D248EA6C900A180EA /* SwiftLint */ = {
			isa = PBXShellScriptBuildPhase;
			buildActionMask = 2147483647;
			files = (
			);
			inputFileListPaths = (
			);
			inputPaths = (
			);
			name = SwiftLint;
			outputFileListPaths = (
			);
			outputPaths = (
			);
			runOnlyForDeploymentPostprocessing = 0;
			shellPath = /bin/sh;
			shellScript = "PATH=/opt/homebrew/bin:$PATH\nif [ -f ~/com.raywenderlich.swiftlint.yml ]; then\n  if which swiftlint >/dev/null; then\n    swiftlint --no-cache --config ~/com.raywenderlich.swiftlint.yml\n  fi\nfi\n";
		};
/* End PBXShellScriptBuildPhase section */

/* Begin PBXSourcesBuildPhase section */
		18D775B922AD944300AE281E /* Sources */ = {
			isa = PBXSourcesBuildPhase;
			buildActionMask = 2147483647;
			files = (
				3052FF77262DC11E00F01491 /* ErrorView.swift in Sources */,
				3052FF89262DD07400F01491 /* VideoClip.swift in Sources */,
				302DE07E263DCDB600200D25 /* LoopingPlayerView.swift in Sources */,
				30980A40262D0939002B6DB1 /* VideoRow.swift in Sources */,
				18D775C522AD944300AE281E /* VideoFeedView.swift in Sources */,
				5EF3401826C1342A00BEC444 /* VideoPlayerView.swift in Sources */,
				30980A1C262CF372002B6DB1 /* Video.swift in Sources */,
				1839F4B025190F2A00BB00F1 /* AppMain.swift in Sources */,
				3052FF82262DCFB700F01491 /* Utils.swift in Sources */,
			);
			runOnlyForDeploymentPostprocessing = 0;
		};
/* End PBXSourcesBuildPhase section */

/* Begin PBXVariantGroup section */
		18D775DA22AD963800AE281E /* LaunchScreen.storyboard */ = {
			isa = PBXVariantGroup;
			children = (
				18D775DE22AD96B400AE281E /* Base */,
			);
			name = LaunchScreen.storyboard;
			sourceTree = "<group>";
		};
/* End PBXVariantGroup section */

/* Begin XCBuildConfiguration section */
		18D775CF22AD944400AE281E /* Debug */ = {
			isa = XCBuildConfiguration;
			buildSettings = {
				ALWAYS_SEARCH_USER_PATHS = NO;
				CLANG_ANALYZER_NONNULL = YES;
				CLANG_ANALYZER_NUMBER_OBJECT_CONVERSION = YES_AGGRESSIVE;
				CLANG_CXX_LANGUAGE_STANDARD = "gnu++14";
				CLANG_CXX_LIBRARY = "libc++";
				CLANG_ENABLE_MODULES = YES;
				CLANG_ENABLE_OBJC_ARC = YES;
				CLANG_ENABLE_OBJC_WEAK = YES;
				CLANG_WARN_BLOCK_CAPTURE_AUTORELEASING = YES;
				CLANG_WARN_BOOL_CONVERSION = YES;
				CLANG_WARN_COMMA = YES;
				CLANG_WARN_CONSTANT_CONVERSION = YES;
				CLANG_WARN_DEPRECATED_OBJC_IMPLEMENTATIONS = YES;
				CLANG_WARN_DIRECT_OBJC_ISA_USAGE = YES_ERROR;
				CLANG_WARN_DOCUMENTATION_COMMENTS = YES;
				CLANG_WARN_EMPTY_BODY = YES;
				CLANG_WARN_ENUM_CONVERSION = YES;
				CLANG_WARN_INFINITE_RECURSION = YES;
				CLANG_WARN_INT_CONVERSION = YES;
				CLANG_WARN_NON_LITERAL_NULL_CONVERSION = YES;
				CLANG_WARN_OBJC_IMPLICIT_RETAIN_SELF = YES;
				CLANG_WARN_OBJC_LITERAL_CONVERSION = YES;
				CLANG_WARN_OBJC_ROOT_CLASS = YES_ERROR;
				CLANG_WARN_QUOTED_INCLUDE_IN_FRAMEWORK_HEADER = YES;
				CLANG_WARN_RANGE_LOOP_ANALYSIS = YES;
				CLANG_WARN_STRICT_PROTOTYPES = YES;
				CLANG_WARN_SUSPICIOUS_MOVE = YES;
				CLANG_WARN_UNGUARDED_AVAILABILITY = YES_AGGRESSIVE;
				CLANG_WARN_UNREACHABLE_CODE = YES;
				CLANG_WARN__DUPLICATE_METHOD_MATCH = YES;
				COPY_PHASE_STRIP = NO;
				DEBUG_INFORMATION_FORMAT = dwarf;
				ENABLE_STRICT_OBJC_MSGSEND = YES;
				ENABLE_TESTABILITY = YES;
				GCC_C_LANGUAGE_STANDARD = gnu11;
				GCC_DYNAMIC_NO_PIC = NO;
				GCC_NO_COMMON_BLOCKS = YES;
				GCC_OPTIMIZATION_LEVEL = 0;
				GCC_PREPROCESSOR_DEFINITIONS = (
					"DEBUG=1",
					"$(inherited)",
				);
				GCC_WARN_64_TO_32_BIT_CONVERSION = YES;
				GCC_WARN_ABOUT_RETURN_TYPE = YES_ERROR;
				GCC_WARN_UNDECLARED_SELECTOR = YES;
				GCC_WARN_UNINITIALIZED_AUTOS = YES_AGGRESSIVE;
				GCC_WARN_UNUSED_FUNCTION = YES;
				GCC_WARN_UNUSED_VARIABLE = YES;
				IPHONEOS_DEPLOYMENT_TARGET = 14.0;
				MTL_ENABLE_DEBUG_INFO = INCLUDE_SOURCE;
				MTL_FAST_MATH = YES;
				ONLY_ACTIVE_ARCH = YES;
				SDKROOT = iphoneos;
				SWIFT_ACTIVE_COMPILATION_CONDITIONS = DEBUG;
				SWIFT_OPTIMIZATION_LEVEL = "-Onone";
			};
			name = Debug;
		};
		18D775D022AD944400AE281E /* Release */ = {
			isa = XCBuildConfiguration;
			buildSettings = {
				ALWAYS_SEARCH_USER_PATHS = NO;
				CLANG_ANALYZER_NONNULL = YES;
				CLANG_ANALYZER_NUMBER_OBJECT_CONVERSION = YES_AGGRESSIVE;
				CLANG_CXX_LANGUAGE_STANDARD = "gnu++14";
				CLANG_CXX_LIBRARY = "libc++";
				CLANG_ENABLE_MODULES = YES;
				CLANG_ENABLE_OBJC_ARC = YES;
				CLANG_ENABLE_OBJC_WEAK = YES;
				CLANG_WARN_BLOCK_CAPTURE_AUTORELEASING = YES;
				CLANG_WARN_BOOL_CONVERSION = YES;
				CLANG_WARN_COMMA = YES;
				CLANG_WARN_CONSTANT_CONVERSION = YES;
				CLANG_WARN_DEPRECATED_OBJC_IMPLEMENTATIONS = YES;
				CLANG_WARN_DIRECT_OBJC_ISA_USAGE = YES_ERROR;
				CLANG_WARN_DOCUMENTATION_COMMENTS = YES;
				CLANG_WARN_EMPTY_BODY = YES;
				CLANG_WARN_ENUM_CONVERSION = YES;
				CLANG_WARN_INFINITE_RECURSION = YES;
				CLANG_WARN_INT_CONVERSION = YES;
				CLANG_WARN_NON_LITERAL_NULL_CONVERSION = YES;
				CLANG_WARN_OBJC_IMPLICIT_RETAIN_SELF = YES;
				CLANG_WARN_OBJC_LITERAL_CONVERSION = YES;
				CLANG_WARN_OBJC_ROOT_CLASS = YES_ERROR;
				CLANG_WARN_QUOTED_INCLUDE_IN_FRAMEWORK_HEADER = YES;
				CLANG_WARN_RANGE_LOOP_ANALYSIS = YES;
				CLANG_WARN_STRICT_PROTOTYPES = YES;
				CLANG_WARN_SUSPICIOUS_MOVE = YES;
				CLANG_WARN_UNGUARDED_AVAILABILITY = YES_AGGRESSIVE;
				CLANG_WARN_UNREACHABLE_CODE = YES;
				CLANG_WARN__DUPLICATE_METHOD_MATCH = YES;
				COPY_PHASE_STRIP = NO;
				DEBUG_INFORMATION_FORMAT = "dwarf-with-dsym";
				ENABLE_NS_ASSERTIONS = NO;
				ENABLE_STRICT_OBJC_MSGSEND = YES;
				GCC_C_LANGUAGE_STANDARD = gnu11;
				GCC_NO_COMMON_BLOCKS = YES;
				GCC_WARN_64_TO_32_BIT_CONVERSION = YES;
				GCC_WARN_ABOUT_RETURN_TYPE = YES_ERROR;
				GCC_WARN_UNDECLARED_SELECTOR = YES;
				GCC_WARN_UNINITIALIZED_AUTOS = YES_AGGRESSIVE;
				GCC_WARN_UNUSED_FUNCTION = YES;
				GCC_WARN_UNUSED_VARIABLE = YES;
				IPHONEOS_DEPLOYMENT_TARGET = 14.0;
				MTL_ENABLE_DEBUG_INFO = NO;
				MTL_FAST_MATH = YES;
				SDKROOT = iphoneos;
				SWIFT_COMPILATION_MODE = wholemodule;
				SWIFT_OPTIMIZATION_LEVEL = "-O";
				VALIDATE_PRODUCT = YES;
			};
			name = Release;
		};
		18D775D222AD944400AE281E /* Debug */ = {
			isa = XCBuildConfiguration;
			buildSettings = {
				ASSETCATALOG_COMPILER_APPICON_NAME = AppIcon;
				CODE_SIGN_STYLE = Automatic;
				DEVELOPMENT_ASSET_PATHS = "TravelVlogs/Preview\\ Content";
				DEVELOPMENT_TEAM = "";
				ENABLE_PREVIEWS = YES;
				INFOPLIST_FILE = "TravelVlogs/Supporting Files/Info.plist";
				LD_RUNPATH_SEARCH_PATHS = (
					"$(inherited)",
					"@executable_path/Frameworks",
				);
				PRODUCT_BUNDLE_IDENTIFIER = com.raywenderlich.travelvlogs;
				PRODUCT_NAME = "$(TARGET_NAME)";
				SWIFT_VERSION = 5.0;
				TARGETED_DEVICE_FAMILY = "1,2";
			};
			name = Debug;
		};
		18D775D322AD944400AE281E /* Release */ = {
			isa = XCBuildConfiguration;
			buildSettings = {
				ASSETCATALOG_COMPILER_APPICON_NAME = AppIcon;
				CODE_SIGN_STYLE = Automatic;
				DEVELOPMENT_ASSET_PATHS = "TravelVlogs/Preview\\ Content";
				DEVELOPMENT_TEAM = "";
				ENABLE_PREVIEWS = YES;
				INFOPLIST_FILE = "TravelVlogs/Supporting Files/Info.plist";
				LD_RUNPATH_SEARCH_PATHS = (
					"$(inherited)",
					"@executable_path/Frameworks",
				);
				PRODUCT_BUNDLE_IDENTIFIER = com.raywenderlich.travelvlogs;
				PRODUCT_NAME = "$(TARGET_NAME)";
				SWIFT_VERSION = 5.0;
				TARGETED_DEVICE_FAMILY = "1,2";
			};
			name = Release;
		};
/* End XCBuildConfiguration section */

/* Begin XCConfigurationList section */
		18D775B822AD944300AE281E /* Build configuration list for PBXProject "TravelVlogs" */ = {
			isa = XCConfigurationList;
			buildConfigurations = (
				18D775CF22AD944400AE281E /* Debug */,
				18D775D022AD944400AE281E /* Release */,
			);
			defaultConfigurationIsVisible = 0;
			defaultConfigurationName = Release;
		};
		18D775D122AD944400AE281E /* Build configuration list for PBXNativeTarget "TravelVlogs" */ = {
			isa = XCConfigurationList;
			buildConfigurations = (
				18D775D222AD944400AE281E /* Debug */,
				18D775D322AD944400AE281E /* Release */,
			);
			defaultConfigurationIsVisible = 0;
			defaultConfigurationName = Release;
		};
/* End XCConfigurationList section */
	};
	rootObject = 18D775B522AD944300AE281E /* Project object */;
}
